// !$*UTF8*$!
{
	archiveVersion = 1;
	classes = {
	};
	objectVersion = 46;
	objects = {

/* Begin PBXBuildFile section */
		7EC956751B950C5100779635 /* AppDelegate.swift in Sources */ = {isa = PBXBuildFile; fileRef = 7EC956741B950C5100779635 /* AppDelegate.swift */; };
		7EC956771B950C5100779635 /* ViewController.swift in Sources */ = {isa = PBXBuildFile; fileRef = 7EC956761B950C5100779635 /* ViewController.swift */; };
		7EC9567A1B950C5100779635 /* Main.storyboard in Resources */ = {isa = PBXBuildFile; fileRef = 7EC956781B950C5100779635 /* Main.storyboard */; };
		7EC9567C1B950C5100779635 /* Assets.xcassets in Resources */ = {isa = PBXBuildFile; fileRef = 7EC9567B1B950C5100779635 /* Assets.xcassets */; };
		7EC9567F1B950C5100779635 /* LaunchScreen.storyboard in Resources */ = {isa = PBXBuildFile; fileRef = 7EC9567D1B950C5100779635 /* LaunchScreen.storyboard */; };
		7EC956841B950C5200779635 /* WatchOS2-NewAPI-CoreGraphic-Example WatchKit App.app in Embed Watch Content */ = {isa = PBXBuildFile; fileRef = 7EC956831B950C5200779635 /* WatchOS2-NewAPI-CoreGraphic-Example WatchKit App.app */; };
		7EC9568A1B950C5200779635 /* Interface.storyboard in Resources */ = {isa = PBXBuildFile; fileRef = 7EC956881B950C5200779635 /* Interface.storyboard */; };
		7EC9568C1B950C5200779635 /* Assets.xcassets in Resources */ = {isa = PBXBuildFile; fileRef = 7EC9568B1B950C5200779635 /* Assets.xcassets */; };
		7EC956931B950C5200779635 /* WatchOS2-NewAPI-CoreGraphic-Example WatchKit Extension.appex in Embed App Extensions */ = {isa = PBXBuildFile; fileRef = 7EC956921B950C5200779635 /* WatchOS2-NewAPI-CoreGraphic-Example WatchKit Extension.appex */; settings = {ATTRIBUTES = (RemoveHeadersOnCopy, ); }; };
		7EC956981B950C5200779635 /* InterfaceController.swift in Sources */ = {isa = PBXBuildFile; fileRef = 7EC956971B950C5200779635 /* InterfaceController.swift */; };
		7EC9569A1B950C5200779635 /* ExtensionDelegate.swift in Sources */ = {isa = PBXBuildFile; fileRef = 7EC956991B950C5200779635 /* ExtensionDelegate.swift */; };
		7EC9569C1B950C5200779635 /* Assets.xcassets in Resources */ = {isa = PBXBuildFile; fileRef = 7EC9569B1B950C5200779635 /* Assets.xcassets */; };
/* End PBXBuildFile section */

/* Begin PBXContainerItemProxy section */
		7EC956851B950C5200779635 /* PBXContainerItemProxy */ = {
			isa = PBXContainerItemProxy;
			containerPortal = 7EC956691B950C5100779635 /* Project object */;
			proxyType = 1;
			remoteGlobalIDString = 7EC956821B950C5200779635;
			remoteInfo = "WatchOS2-NewAPI-CoreGraphic-Example WatchKit App";
		};
		7EC956941B950C5200779635 /* PBXContainerItemProxy */ = {
			isa = PBXContainerItemProxy;
			containerPortal = 7EC956691B950C5100779635 /* Project object */;
			proxyType = 1;
			remoteGlobalIDString = 7EC956911B950C5200779635;
			remoteInfo = "WatchOS2-NewAPI-CoreGraphic-Example WatchKit Extension";
		};
/* End PBXContainerItemProxy section */

/* Begin PBXCopyFilesBuildPhase section */
		7EC956A31B950C5200779635 /* Embed App Extensions */ = {
			isa = PBXCopyFilesBuildPhase;
			buildActionMask = 2147483647;
			dstPath = "";
			dstSubfolderSpec = 13;
			files = (
				7EC956931B950C5200779635 /* WatchOS2-NewAPI-CoreGraphic-Example WatchKit Extension.appex in Embed App Extensions */,
			);
			name = "Embed App Extensions";
			runOnlyForDeploymentPostprocessing = 0;
		};
		7EC956A71B950C5200779635 /* Embed Watch Content */ = {
			isa = PBXCopyFilesBuildPhase;
			buildActionMask = 2147483647;
			dstPath = "$(CONTENTS_FOLDER_PATH)/Watch";
			dstSubfolderSpec = 16;
			files = (
				7EC956841B950C5200779635 /* WatchOS2-NewAPI-CoreGraphic-Example WatchKit App.app in Embed Watch Content */,
			);
			name = "Embed Watch Content";
			runOnlyForDeploymentPostprocessing = 0;
		};
/* End PBXCopyFilesBuildPhase section */

/* Begin PBXFileReference section */
		7EC956711B950C5100779635 /* WatchOS2-NewAPI-CoreGraphic-Example.app */ = {isa = PBXFileReference; explicitFileType = wrapper.application; includeInIndex = 0; path = "WatchOS2-NewAPI-CoreGraphic-Example.app"; sourceTree = BUILT_PRODUCTS_DIR; };
		7EC956741B950C5100779635 /* AppDelegate.swift */ = {isa = PBXFileReference; lastKnownFileType = sourcecode.swift; path = AppDelegate.swift; sourceTree = "<group>"; };
		7EC956761B950C5100779635 /* ViewController.swift */ = {isa = PBXFileReference; lastKnownFileType = sourcecode.swift; path = ViewController.swift; sourceTree = "<group>"; };
		7EC956791B950C5100779635 /* Base */ = {isa = PBXFileReference; lastKnownFileType = file.storyboard; name = Base; path = Base.lproj/Main.storyboard; sourceTree = "<group>"; };
		7EC9567B1B950C5100779635 /* Assets.xcassets */ = {isa = PBXFileReference; lastKnownFileType = folder.assetcatalog; path = Assets.xcassets; sourceTree = "<group>"; };
		7EC9567E1B950C5100779635 /* Base */ = {isa = PBXFileReference; lastKnownFileType = file.storyboard; name = Base; path = Base.lproj/LaunchScreen.storyboard; sourceTree = "<group>"; };
		7EC956801B950C5100779635 /* Info.plist */ = {isa = PBXFileReference; lastKnownFileType = text.plist.xml; path = Info.plist; sourceTree = "<group>"; };
		7EC956831B950C5200779635 /* WatchOS2-NewAPI-CoreGraphic-Example WatchKit App.app */ = {isa = PBXFileReference; explicitFileType = wrapper.application; includeInIndex = 0; path = "WatchOS2-NewAPI-CoreGraphic-Example WatchKit App.app"; sourceTree = BUILT_PRODUCTS_DIR; };
		7EC956891B950C5200779635 /* Base */ = {isa = PBXFileReference; lastKnownFileType = file.storyboard; name = Base; path = Base.lproj/Interface.storyboard; sourceTree = "<group>"; };
		7EC9568B1B950C5200779635 /* Assets.xcassets */ = {isa = PBXFileReference; lastKnownFileType = folder.assetcatalog; path = Assets.xcassets; sourceTree = "<group>"; };
		7EC9568D1B950C5200779635 /* Info.plist */ = {isa = PBXFileReference; lastKnownFileType = text.plist.xml; path = Info.plist; sourceTree = "<group>"; };
		7EC956921B950C5200779635 /* WatchOS2-NewAPI-CoreGraphic-Example WatchKit Extension.appex */ = {isa = PBXFileReference; explicitFileType = "wrapper.app-extension"; includeInIndex = 0; path = "WatchOS2-NewAPI-CoreGraphic-Example WatchKit Extension.appex"; sourceTree = BUILT_PRODUCTS_DIR; };
		7EC956971B950C5200779635 /* InterfaceController.swift */ = {isa = PBXFileReference; lastKnownFileType = sourcecode.swift; path = InterfaceController.swift; sourceTree = "<group>"; };
		7EC956991B950C5200779635 /* ExtensionDelegate.swift */ = {isa = PBXFileReference; lastKnownFileType = sourcecode.swift; path = ExtensionDelegate.swift; sourceTree = "<group>"; };
		7EC9569B1B950C5200779635 /* Assets.xcassets */ = {isa = PBXFileReference; lastKnownFileType = folder.assetcatalog; path = Assets.xcassets; sourceTree = "<group>"; };
		7EC9569D1B950C5200779635 /* Info.plist */ = {isa = PBXFileReference; lastKnownFileType = text.plist.xml; path = Info.plist; sourceTree = "<group>"; };
/* End PBXFileReference section */

/* Begin PBXFrameworksBuildPhase section */
		7EC9566E1B950C5100779635 /* Frameworks */ = {
			isa = PBXFrameworksBuildPhase;
			buildActionMask = 2147483647;
			files = (
			);
			runOnlyForDeploymentPostprocessing = 0;
		};
		7EC9568F1B950C5200779635 /* Frameworks */ = {
			isa = PBXFrameworksBuildPhase;
			buildActionMask = 2147483647;
			files = (
			);
			runOnlyForDeploymentPostprocessing = 0;
		};
/* End PBXFrameworksBuildPhase section */

/* Begin PBXGroup section */
		7EC956681B950C5100779635 = {
			isa = PBXGroup;
			children = (
				7EC956731B950C5100779635 /* WatchOS2-NewAPI-CoreGraphic-Example */,
				7EC956871B950C5200779635 /* WatchOS2-NewAPI-CoreGraphic-Example WatchKit App */,
				7EC956961B950C5200779635 /* WatchOS2-NewAPI-CoreGraphic-Example WatchKit Extension */,
				7EC956721B950C5100779635 /* Products */,
			);
			sourceTree = "<group>";
		};
		7EC956721B950C5100779635 /* Products */ = {
			isa = PBXGroup;
			children = (
				7EC956711B950C5100779635 /* WatchOS2-NewAPI-CoreGraphic-Example.app */,
				7EC956831B950C5200779635 /* WatchOS2-NewAPI-CoreGraphic-Example WatchKit App.app */,
				7EC956921B950C5200779635 /* WatchOS2-NewAPI-CoreGraphic-Example WatchKit Extension.appex */,
			);
			name = Products;
			sourceTree = "<group>";
		};
		7EC956731B950C5100779635 /* WatchOS2-NewAPI-CoreGraphic-Example */ = {
			isa = PBXGroup;
			children = (
				7EC956741B950C5100779635 /* AppDelegate.swift */,
				7EC956761B950C5100779635 /* ViewController.swift */,
				7EC956781B950C5100779635 /* Main.storyboard */,
				7EC9567B1B950C5100779635 /* Assets.xcassets */,
				7EC9567D1B950C5100779635 /* LaunchScreen.storyboard */,
				7EC956801B950C5100779635 /* Info.plist */,
			);
			path = "WatchOS2-NewAPI-CoreGraphic-Example";
			sourceTree = "<group>";
		};
		7EC956871B950C5200779635 /* WatchOS2-NewAPI-CoreGraphic-Example WatchKit App */ = {
			isa = PBXGroup;
			children = (
				7EC956881B950C5200779635 /* Interface.storyboard */,
				7EC9568B1B950C5200779635 /* Assets.xcassets */,
				7EC9568D1B950C5200779635 /* Info.plist */,
			);
			path = "WatchOS2-NewAPI-CoreGraphic-Example WatchKit App";
			sourceTree = "<group>";
		};
		7EC956961B950C5200779635 /* WatchOS2-NewAPI-CoreGraphic-Example WatchKit Extension */ = {
			isa = PBXGroup;
			children = (
				7EC956971B950C5200779635 /* InterfaceController.swift */,
				7EC956991B950C5200779635 /* ExtensionDelegate.swift */,
				7EC9569B1B950C5200779635 /* Assets.xcassets */,
				7EC9569D1B950C5200779635 /* Info.plist */,
			);
			path = "WatchOS2-NewAPI-CoreGraphic-Example WatchKit Extension";
			sourceTree = "<group>";
		};
/* End PBXGroup section */

/* Begin PBXNativeTarget section */
		7EC956701B950C5100779635 /* WatchOS2-NewAPI-CoreGraphic-Example */ = {
			isa = PBXNativeTarget;
			buildConfigurationList = 7EC956A81B950C5200779635 /* Build configuration list for PBXNativeTarget "WatchOS2-NewAPI-CoreGraphic-Example" */;
			buildPhases = (
				7EC9566D1B950C5100779635 /* Sources */,
				7EC9566E1B950C5100779635 /* Frameworks */,
				7EC9566F1B950C5100779635 /* Resources */,
				7EC956A71B950C5200779635 /* Embed Watch Content */,
			);
			buildRules = (
			);
			dependencies = (
				7EC956861B950C5200779635 /* PBXTargetDependency */,
			);
			name = "WatchOS2-NewAPI-CoreGraphic-Example";
			productName = "WatchOS2-NewAPI-CoreGraphic-Example";
			productReference = 7EC956711B950C5100779635 /* WatchOS2-NewAPI-CoreGraphic-Example.app */;
			productType = "com.apple.product-type.application";
		};
		7EC956821B950C5200779635 /* WatchOS2-NewAPI-CoreGraphic-Example WatchKit App */ = {
			isa = PBXNativeTarget;
			buildConfigurationList = 7EC956A41B950C5200779635 /* Build configuration list for PBXNativeTarget "WatchOS2-NewAPI-CoreGraphic-Example WatchKit App" */;
			buildPhases = (
				7EC956811B950C5200779635 /* Resources */,
				7EC956A31B950C5200779635 /* Embed App Extensions */,
			);
			buildRules = (
			);
			dependencies = (
				7EC956951B950C5200779635 /* PBXTargetDependency */,
			);
			name = "WatchOS2-NewAPI-CoreGraphic-Example WatchKit App";
			productName = "WatchOS2-NewAPI-CoreGraphic-Example WatchKit App";
			productReference = 7EC956831B950C5200779635 /* WatchOS2-NewAPI-CoreGraphic-Example WatchKit App.app */;
			productType = "com.apple.product-type.application.watchapp2";
		};
		7EC956911B950C5200779635 /* WatchOS2-NewAPI-CoreGraphic-Example WatchKit Extension */ = {
			isa = PBXNativeTarget;
			buildConfigurationList = 7EC956A01B950C5200779635 /* Build configuration list for PBXNativeTarget "WatchOS2-NewAPI-CoreGraphic-Example WatchKit Extension" */;
			buildPhases = (
				7EC9568E1B950C5200779635 /* Sources */,
				7EC9568F1B950C5200779635 /* Frameworks */,
				7EC956901B950C5200779635 /* Resources */,
			);
			buildRules = (
			);
			dependencies = (
			);
			name = "WatchOS2-NewAPI-CoreGraphic-Example WatchKit Extension";
			productName = "WatchOS2-NewAPI-CoreGraphic-Example WatchKit Extension";
			productReference = 7EC956921B950C5200779635 /* WatchOS2-NewAPI-CoreGraphic-Example WatchKit Extension.appex */;
			productType = "com.apple.product-type.watchkit2-extension";
		};
/* End PBXNativeTarget section */

/* Begin PBXProject section */
		7EC956691B950C5100779635 /* Project object */ = {
			isa = PBXProject;
			attributes = {
				LastUpgradeCheck = 0800;
				ORGANIZATIONNAME = Sweefties;
				TargetAttributes = {
					7EC956701B950C5100779635 = {
						CreatedOnToolsVersion = 7.0;
						LastSwiftMigration = 0800;
					};
					7EC956821B950C5200779635 = {
						CreatedOnToolsVersion = 7.0;
						LastSwiftMigration = 0800;
					};
					7EC956911B950C5200779635 = {
						CreatedOnToolsVersion = 7.0;
						LastSwiftMigration = 0800;
					};
				};
			};
			buildConfigurationList = 7EC9566C1B950C5100779635 /* Build configuration list for PBXProject "WatchOS2-NewAPI-CoreGraphic-Example" */;
			compatibilityVersion = "Xcode 3.2";
			developmentRegion = English;
			hasScannedForEncodings = 0;
			knownRegions = (
				en,
				Base,
			);
			mainGroup = 7EC956681B950C5100779635;
			productRefGroup = 7EC956721B950C5100779635 /* Products */;
			projectDirPath = "";
			projectRoot = "";
			targets = (
				7EC956701B950C5100779635 /* WatchOS2-NewAPI-CoreGraphic-Example */,
				7EC956821B950C5200779635 /* WatchOS2-NewAPI-CoreGraphic-Example WatchKit App */,
				7EC956911B950C5200779635 /* WatchOS2-NewAPI-CoreGraphic-Example WatchKit Extension */,
			);
		};
/* End PBXProject section */

/* Begin PBXResourcesBuildPhase section */
		7EC9566F1B950C5100779635 /* Resources */ = {
			isa = PBXResourcesBuildPhase;
			buildActionMask = 2147483647;
			files = (
				7EC9567F1B950C5100779635 /* LaunchScreen.storyboard in Resources */,
				7EC9567C1B950C5100779635 /* Assets.xcassets in Resources */,
				7EC9567A1B950C5100779635 /* Main.storyboard in Resources */,
			);
			runOnlyForDeploymentPostprocessing = 0;
		};
		7EC956811B950C5200779635 /* Resources */ = {
			isa = PBXResourcesBuildPhase;
			buildActionMask = 2147483647;
			files = (
				7EC9568C1B950C5200779635 /* Assets.xcassets in Resources */,
				7EC9568A1B950C5200779635 /* Interface.storyboard in Resources */,
			);
			runOnlyForDeploymentPostprocessing = 0;
		};
		7EC956901B950C5200779635 /* Resources */ = {
			isa = PBXResourcesBuildPhase;
			buildActionMask = 2147483647;
			files = (
				7EC9569C1B950C5200779635 /* Assets.xcassets in Resources */,
			);
			runOnlyForDeploymentPostprocessing = 0;
		};
/* End PBXResourcesBuildPhase section */

/* Begin PBXSourcesBuildPhase section */
		7EC9566D1B950C5100779635 /* Sources */ = {
			isa = PBXSourcesBuildPhase;
			buildActionMask = 2147483647;
			files = (
				7EC956771B950C5100779635 /* ViewController.swift in Sources */,
				7EC956751B950C5100779635 /* AppDelegate.swift in Sources */,
			);
			runOnlyForDeploymentPostprocessing = 0;
		};
		7EC9568E1B950C5200779635 /* Sources */ = {
			isa = PBXSourcesBuildPhase;
			buildActionMask = 2147483647;
			files = (
				7EC9569A1B950C5200779635 /* ExtensionDelegate.swift in Sources */,
				7EC956981B950C5200779635 /* InterfaceController.swift in Sources */,
			);
			runOnlyForDeploymentPostprocessing = 0;
		};
/* End PBXSourcesBuildPhase section */

/* Begin PBXTargetDependency section */
		7EC956861B950C5200779635 /* PBXTargetDependency */ = {
			isa = PBXTargetDependency;
			target = 7EC956821B950C5200779635 /* WatchOS2-NewAPI-CoreGraphic-Example WatchKit App */;
			targetProxy = 7EC956851B950C5200779635 /* PBXContainerItemProxy */;
		};
		7EC956951B950C5200779635 /* PBXTargetDependency */ = {
			isa = PBXTargetDependency;
			target = 7EC956911B950C5200779635 /* WatchOS2-NewAPI-CoreGraphic-Example WatchKit Extension */;
			targetProxy = 7EC956941B950C5200779635 /* PBXContainerItemProxy */;
		};
/* End PBXTargetDependency section */

/* Begin PBXVariantGroup section */
		7EC956781B950C5100779635 /* Main.storyboard */ = {
			isa = PBXVariantGroup;
			children = (
				7EC956791B950C5100779635 /* Base */,
			);
			name = Main.storyboard;
			sourceTree = "<group>";
		};
		7EC9567D1B950C5100779635 /* LaunchScreen.storyboard */ = {
			isa = PBXVariantGroup;
			children = (
				7EC9567E1B950C5100779635 /* Base */,
			);
			name = LaunchScreen.storyboard;
			sourceTree = "<group>";
		};
		7EC956881B950C5200779635 /* Interface.storyboard */ = {
			isa = PBXVariantGroup;
			children = (
				7EC956891B950C5200779635 /* Base */,
			);
			name = Interface.storyboard;
			sourceTree = "<group>";
		};
/* End PBXVariantGroup section */

/* Begin XCBuildConfiguration section */
		7EC9569E1B950C5200779635 /* Debug */ = {
			isa = XCBuildConfiguration;
			buildSettings = {
				ALWAYS_SEARCH_USER_PATHS = NO;
				CLANG_CXX_LANGUAGE_STANDARD = "gnu++0x";
				CLANG_CXX_LIBRARY = "libc++";
				CLANG_ENABLE_MODULES = YES;
				CLANG_ENABLE_OBJC_ARC = YES;
				CLANG_WARN_BOOL_CONVERSION = YES;
				CLANG_WARN_CONSTANT_CONVERSION = YES;
				CLANG_WARN_DIRECT_OBJC_ISA_USAGE = YES_ERROR;
				CLANG_WARN_EMPTY_BODY = YES;
				CLANG_WARN_ENUM_CONVERSION = YES;
				CLANG_WARN_INFINITE_RECURSION = YES;
				CLANG_WARN_INT_CONVERSION = YES;
				CLANG_WARN_OBJC_ROOT_CLASS = YES_ERROR;
				CLANG_WARN_SUSPICIOUS_MOVE = YES;
				CLANG_WARN_UNREACHABLE_CODE = YES;
				CLANG_WARN__DUPLICATE_METHOD_MATCH = YES;
				"CODE_SIGN_IDENTITY[sdk=iphoneos*]" = "iPhone Developer";
				COPY_PHASE_STRIP = NO;
				DEBUG_INFORMATION_FORMAT = dwarf;
				ENABLE_STRICT_OBJC_MSGSEND = YES;
				ENABLE_TESTABILITY = YES;
				GCC_C_LANGUAGE_STANDARD = gnu99;
				GCC_DYNAMIC_NO_PIC = NO;
				GCC_NO_COMMON_BLOCKS = YES;
				GCC_OPTIMIZATION_LEVEL = 0;
				GCC_PREPROCESSOR_DEFINITIONS = (
					"DEBUG=1",
					"$(inherited)",
				);
				GCC_WARN_64_TO_32_BIT_CONVERSION = YES;
				GCC_WARN_ABOUT_RETURN_TYPE = YES_ERROR;
				GCC_WARN_UNDECLARED_SELECTOR = YES;
				GCC_WARN_UNINITIALIZED_AUTOS = YES_AGGRESSIVE;
				GCC_WARN_UNUSED_FUNCTION = YES;
				GCC_WARN_UNUSED_VARIABLE = YES;
				IPHONEOS_DEPLOYMENT_TARGET = 9.0;
				MTL_ENABLE_DEBUG_INFO = YES;
				ONLY_ACTIVE_ARCH = YES;
				SDKROOT = iphoneos;
				SWIFT_OPTIMIZATION_LEVEL = "-Onone";
				TARGETED_DEVICE_FAMILY = "1,2";
			};
			name = Debug;
		};
		7EC9569F1B950C5200779635 /* Release */ = {
			isa = XCBuildConfiguration;
			buildSettings = {
				ALWAYS_SEARCH_USER_PATHS = NO;
				CLANG_CXX_LANGUAGE_STANDARD = "gnu++0x";
				CLANG_CXX_LIBRARY = "libc++";
				CLANG_ENABLE_MODULES = YES;
				CLANG_ENABLE_OBJC_ARC = YES;
				CLANG_WARN_BOOL_CONVERSION = YES;
				CLANG_WARN_CONSTANT_CONVERSION = YES;
				CLANG_WARN_DIRECT_OBJC_ISA_USAGE = YES_ERROR;
				CLANG_WARN_EMPTY_BODY = YES;
				CLANG_WARN_ENUM_CONVERSION = YES;
				CLANG_WARN_INFINITE_RECURSION = YES;
				CLANG_WARN_INT_CONVERSION = YES;
				CLANG_WARN_OBJC_ROOT_CLASS = YES_ERROR;
				CLANG_WARN_SUSPICIOUS_MOVE = YES;
				CLANG_WARN_UNREACHABLE_CODE = YES;
				CLANG_WARN__DUPLICATE_METHOD_MATCH = YES;
				"CODE_SIGN_IDENTITY[sdk=iphoneos*]" = "iPhone Developer";
				COPY_PHASE_STRIP = NO;
				DEBUG_INFORMATION_FORMAT = "dwarf-with-dsym";
				ENABLE_NS_ASSERTIONS = NO;
				ENABLE_STRICT_OBJC_MSGSEND = YES;
				GCC_C_LANGUAGE_STANDARD = gnu99;
				GCC_NO_COMMON_BLOCKS = YES;
				GCC_WARN_64_TO_32_BIT_CONVERSION = YES;
				GCC_WARN_ABOUT_RETURN_TYPE = YES_ERROR;
				GCC_WARN_UNDECLARED_SELECTOR = YES;
				GCC_WARN_UNINITIALIZED_AUTOS = YES_AGGRESSIVE;
				GCC_WARN_UNUSED_FUNCTION = YES;
				GCC_WARN_UNUSED_VARIABLE = YES;
				IPHONEOS_DEPLOYMENT_TARGET = 9.0;
				MTL_ENABLE_DEBUG_INFO = NO;
				SDKROOT = iphoneos;
				SWIFT_OPTIMIZATION_LEVEL = "-Owholemodule";
				TARGETED_DEVICE_FAMILY = "1,2";
				VALIDATE_PRODUCT = YES;
			};
			name = Release;
		};
		7EC956A11B950C5200779635 /* Debug */ = {
			isa = XCBuildConfiguration;
			buildSettings = {
				INFOPLIST_FILE = "WatchOS2-NewAPI-CoreGraphic-Example WatchKit Extension/Info.plist";
				LD_RUNPATH_SEARCH_PATHS = "$(inherited) @executable_path/Frameworks @executable_path/../../Frameworks";
				PRODUCT_BUNDLE_IDENTIFIER = "com.sweefties.WatchOS2-NewAPI-CoreGraphic-Example.watchkitapp.watchkitextension";
				PRODUCT_NAME = "${TARGET_NAME}";
				SDKROOT = watchos;
				SKIP_INSTALL = YES;
				SWIFT_VERSION = 3.0;
				TARGETED_DEVICE_FAMILY = 4;
				WATCHOS_DEPLOYMENT_TARGET = 2.0;
			};
			name = Debug;
		};
		7EC956A21B950C5200779635 /* Release */ = {
			isa = XCBuildConfiguration;
			buildSettings = {
				INFOPLIST_FILE = "WatchOS2-NewAPI-CoreGraphic-Example WatchKit Extension/Info.plist";
				LD_RUNPATH_SEARCH_PATHS = "$(inherited) @executable_path/Frameworks @executable_path/../../Frameworks";
				PRODUCT_BUNDLE_IDENTIFIER = "com.sweefties.WatchOS2-NewAPI-CoreGraphic-Example.watchkitapp.watchkitextension";
				PRODUCT_NAME = "${TARGET_NAME}";
				SDKROOT = watchos;
				SKIP_INSTALL = YES;
				SWIFT_VERSION = 3.0;
				TARGETED_DEVICE_FAMILY = 4;
				WATCHOS_DEPLOYMENT_TARGET = 2.0;
			};
			name = Release;
		};
		7EC956A51B950C5200779635 /* Debug */ = {
			isa = XCBuildConfiguration;
			buildSettings = {
				ALWAYS_EMBED_SWIFT_STANDARD_LIBRARIES = YES;
				ASSETCATALOG_COMPILER_APPICON_NAME = AppIcon;
				IBSC_MODULE = WatchOS2_NewAPI_CoreGraphic_Example_WatchKit_Extension;
				INFOPLIST_FILE = "WatchOS2-NewAPI-CoreGraphic-Example WatchKit App/Info.plist";
				PRODUCT_BUNDLE_IDENTIFIER = "com.sweefties.WatchOS2-NewAPI-CoreGraphic-Example.watchkitapp";
				PRODUCT_NAME = "$(TARGET_NAME)";
				SDKROOT = watchos;
				SKIP_INSTALL = YES;
				SWIFT_VERSION = 3.0;
				TARGETED_DEVICE_FAMILY = 4;
				WATCHOS_DEPLOYMENT_TARGET = 2.0;
			};
			name = Debug;
		};
		7EC956A61B950C5200779635 /* Release */ = {
			isa = XCBuildConfiguration;
			buildSettings = {
				ALWAYS_EMBED_SWIFT_STANDARD_LIBRARIES = YES;
				ASSETCATALOG_COMPILER_APPICON_NAME = AppIcon;
				IBSC_MODULE = WatchOS2_NewAPI_CoreGraphic_Example_WatchKit_Extension;
				INFOPLIST_FILE = "WatchOS2-NewAPI-CoreGraphic-Example WatchKit App/Info.plist";
				PRODUCT_BUNDLE_IDENTIFIER = "com.sweefties.WatchOS2-NewAPI-CoreGraphic-Example.watchkitapp";
				PRODUCT_NAME = "$(TARGET_NAME)";
				SDKROOT = watchos;
				SKIP_INSTALL = YES;
				SWIFT_VERSION = 3.0;
				TARGETED_DEVICE_FAMILY = 4;
				WATCHOS_DEPLOYMENT_TARGET = 2.0;
			};
			name = Release;
		};
		7EC956A91B950C5200779635 /* Debug */ = {
			isa = XCBuildConfiguration;
			buildSettings = {
				ASSETCATALOG_COMPILER_APPICON_NAME = AppIcon;
				INFOPLIST_FILE = "WatchOS2-NewAPI-CoreGraphic-Example/Info.plist";
				LD_RUNPATH_SEARCH_PATHS = "$(inherited) @executable_path/Frameworks";
				PRODUCT_BUNDLE_IDENTIFIER = "com.sweefties.WatchOS2-NewAPI-CoreGraphic-Example";
				PRODUCT_NAME = "$(TARGET_NAME)";
				SWIFT_VERSION = 3.0;
			};
			name = Debug;
		};
		7EC956AA1B950C5200779635 /* Release */ = {
			isa = XCBuildConfiguration;
			buildSettings = {
				ASSETCATALOG_COMPILER_APPICON_NAME = AppIcon;
				INFOPLIST_FILE = "WatchOS2-NewAPI-CoreGraphic-Example/Info.plist";
				LD_RUNPATH_SEARCH_PATHS = "$(inherited) @executable_path/Frameworks";
				PRODUCT_BUNDLE_IDENTIFIER = "com.sweefties.WatchOS2-NewAPI-CoreGraphic-Example";
				PRODUCT_NAME = "$(TARGET_NAME)";
				SWIFT_VERSION = 3.0;
			};
			name = Release;
		};
/* End XCBuildConfiguration section */

/* Begin XCConfigurationList section */
		7EC9566C1B950C5100779635 /* Build configuration list for PBXProject "WatchOS2-NewAPI-CoreGraphic-Example" */ = {
			isa = XCConfigurationList;
			buildConfigurations = (
				7EC9569E1B950C5200779635 /* Debug */,
				7EC9569F1B950C5200779635 /* Release */,
			);
			defaultConfigurationIsVisible = 0;
			defaultConfigurationName = Release;
		};
		7EC956A01B950C5200779635 /* Build configuration list for PBXNativeTarget "WatchOS2-NewAPI-CoreGraphic-Example WatchKit Extension" */ = {
			isa = XCConfigurationList;
			buildConfigurations = (
				7EC956A11B950C5200779635 /* Debug */,
				7EC956A21B950C5200779635 /* Release */,
			);
			defaultConfigurationIsVisible = 0;
			defaultConfigurationName = Release;
		};
		7EC956A41B950C5200779635 /* Build configuration list for PBXNativeTarget "WatchOS2-NewAPI-CoreGraphic-Example WatchKit App" */ = {
			isa = XCConfigurationList;
			buildConfigurations = (
				7EC956A51B950C5200779635 /* Debug */,
				7EC956A61B950C5200779635 /* Release */,
			);
			defaultConfigurationIsVisible = 0;
			defaultConfigurationName = Release;
		};
		7EC956A81B950C5200779635 /* Build configuration list for PBXNativeTarget "WatchOS2-NewAPI-CoreGraphic-Example" */ = {
			isa = XCConfigurationList;
			buildConfigurations = (
				7EC956A91B950C5200779635 /* Debug */,
				7EC956AA1B950C5200779635 /* Release */,
			);
			defaultConfigurationIsVisible = 0;
			defaultConfigurationName = Release;
		};
/* End XCConfigurationList section */
	};
	rootObject = 7EC956691B950C5100779635 /* Project object */;
}
